version: 7
platforms:
- name: win-64
  virtual-packages:
  - __win=10.0
  - __archspec=0=x86_64
environments:
  default:
    channels:
    - url: https://prefix.dev/conda-forge/
    packages:
      win-64:
      - conda: https://prefix.dev/conda-forge/noarch/ca-certificates-2026.7.22-h4c7d964_0.conda
      - conda: https://prefix.dev/conda-forge/noarch/py-cpuinfo-9.0.0-pyhd8ed1ab_1.conda
      - conda: https://prefix.dev/conda-forge/noarch/python_abi-3.14-9_cp314.conda
      - conda: https://prefix.dev/conda-forge/noarch/tzdata-2026c-h151e31d_0.conda
      - conda: https://prefix.dev/conda-forge/win-64/bzip2-1.0.8-h0ad9c76_10.conda
      - conda: https://prefix.dev/conda-forge/win-64/libblas-3.11.0-11_h0adab6e_openblas.conda
      - conda: https://prefix.dev/conda-forge/win-64/libcblas-3.11.0-11_h2a8eebe_openblas.conda
      - conda: https://prefix.dev/conda-forge/win-64/libexpat-2.8.5-hac47afa_0.conda
      - conda: https://prefix.dev/conda-forge/win-64/libffi-3.5.2-h3d046cb_0.conda
      - conda: https://prefix.dev/conda-forge/win-64/liblapack-3.11.0-11_hd232482_openblas.conda
      - conda: https://prefix.dev/conda-forge/win-64/liblzma-5.8.3-hfd05255_1.conda
      - conda: https://prefix.dev/conda-forge/win-64/libmpdec-4.0.0-hfd05255_2.conda
      - conda: https://prefix.dev/conda-forge/win-64/libopenblas-0.3.34-pthreads_h952cde7_2.conda
      - conda: https://prefix.dev/conda-forge/win-64/libsqlite-3.53.4-hf5d6505_1.conda
      - conda: https://prefix.dev/conda-forge/win-64/libzlib-1.3.2-hfd05255_3.conda
      - conda: https://prefix.dev/conda-forge/win-64/numpy-2.3.5-py314h06c3c77_0.conda
      - conda: https://prefix.dev/conda-forge/win-64/openssl-3.6.4-hf411b9b_0.conda
      - conda: https://prefix.dev/conda-forge/win-64/python-3.14.2-h4b44e0e_100_cp314.conda
      - conda: https://prefix.dev/conda-forge/win-64/scipy-1.18.1-py314h67d5eaa_1.conda
      - conda: https://prefix.dev/conda-forge/win-64/tk-8.6.13-h967ab96_4.conda
      - conda: https://prefix.dev/conda-forge/win-64/ucrt-10.0.26100.0-h57928b3_0.conda
      - conda: https://prefix.dev/conda-forge/win-64/vc-14.5-ha367084_41.conda
      - conda: https://prefix.dev/conda-forge/win-64/vc14_runtime-14.51.36247-habf1de7_41.conda
      - conda: https://prefix.dev/conda-forge/win-64/vcomp14-14.51.36247-habf1de7_41.conda
      - conda: https://prefix.dev/conda-forge/win-64/zstd-1.5.7-h534d264_7.conda
  ob30:
    channels:
    - url: https://prefix.dev/conda-forge/
    packages:
      win-64:
      - conda: https://prefix.dev/conda-forge/noarch/ca-certificates-2026.7.22-h4c7d964_0.conda
      - conda: https://prefix.dev/conda-forge/noarch/py-cpuinfo-9.0.0-pyhd8ed1ab_1.conda
      - conda: https://prefix.dev/conda-forge/noarch/python_abi-3.14-9_cp314.conda
      - conda: https://prefix.dev/conda-forge/noarch/tzdata-2026c-h151e31d_0.conda
      - conda: https://prefix.dev/conda-forge/win-64/bzip2-1.0.8-h0ad9c76_10.conda
      - conda: https://prefix.dev/conda-forge/win-64/libblas-3.11.0-5_h0adab6e_openblas.conda
      - conda: https://prefix.dev/conda-forge/win-64/libcblas-3.11.0-5_h2a8eebe_openblas.conda
      - conda: https://prefix.dev/conda-forge/win-64/libexpat-2.8.5-hac47afa_0.conda
      - conda: https://prefix.dev/conda-forge/win-64/libffi-3.5.2-h3d046cb_0.conda
      - conda: https://prefix.dev/conda-forge/win-64/liblapack-3.11.0-5_hd232482_openblas.conda
      - conda: https://prefix.dev/conda-forge/win-64/liblzma-5.8.3-hfd05255_1.conda
      - conda: https://prefix.dev/conda-forge/win-64/libmpdec-4.0.0-hfd05255_2.conda
      - conda: https://prefix.dev/conda-forge/win-64/libopenblas-0.3.30-pthreads_h877e47f_4.conda
      - conda: https://prefix.dev/conda-forge/win-64/libsqlite-3.53.4-hf5d6505_1.conda
      - conda: https://prefix.dev/conda-forge/win-64/libzlib-1.3.2-hfd05255_3.conda
      - conda: https://prefix.dev/conda-forge/win-64/numpy-2.3.5-py314h06c3c77_0.conda
      - conda: https://prefix.dev/conda-forge/win-64/openssl-3.6.4-hf411b9b_0.conda
      - conda: https://prefix.dev/conda-forge/win-64/python-3.14.2-h4b44e0e_100_cp314.conda
      - conda: https://prefix.dev/conda-forge/win-64/scipy-1.18.1-py314h67d5eaa_1.conda
      - conda: https://prefix.dev/conda-forge/win-64/tk-8.6.13-h967ab96_4.conda
      - conda: https://prefix.dev/conda-forge/win-64/ucrt-10.0.26100.0-h57928b3_0.conda
      - conda: https://prefix.dev/conda-forge/win-64/vc-14.5-ha367084_41.conda
      - conda: https://prefix.dev/conda-forge/win-64/vc14_runtime-14.51.36247-habf1de7_41.conda
      - conda: https://prefix.dev/conda-forge/win-64/vcomp14-14.51.36247-habf1de7_41.conda
      - conda: https://prefix.dev/conda-forge/win-64/zstd-1.5.7-h534d264_7.conda
  ob33:
    channels:
    - url: https://prefix.dev/conda-forge/
    packages:
      win-64:
      - conda: https://prefix.dev/conda-forge/noarch/ca-certificates-2026.7.22-h4c7d964_0.conda
      - conda: https://prefix.dev/conda-forge/noarch/py-cpuinfo-9.0.0-pyhd8ed1ab_1.conda
      - conda: https://prefix.dev/conda-forge/noarch/python_abi-3.14-9_cp314.conda
      - conda: https://prefix.dev/conda-forge/noarch/tzdata-2026c-h151e31d_0.conda
      - conda: https://prefix.dev/conda-forge/win-64/bzip2-1.0.8-h0ad9c76_10.conda
      - conda: https://prefix.dev/conda-forge/win-64/libblas-3.11.0-8_h0adab6e_openblas.conda
      - conda: https://prefix.dev/conda-forge/win-64/libcblas-3.11.0-8_h2a8eebe_openblas.conda
      - conda: https://prefix.dev/conda-forge/win-64/libexpat-2.8.5-hac47afa_0.conda
      - conda: https://prefix.dev/conda-forge/win-64/libffi-3.5.2-h3d046cb_0.conda
      - conda: https://prefix.dev/conda-forge/win-64/liblapack-3.11.0-8_hd232482_openblas.conda
      - conda: https://prefix.dev/conda-forge/win-64/liblzma-5.8.3-hfd05255_1.conda
      - conda: https://prefix.dev/conda-forge/win-64/libmpdec-4.0.0-hfd05255_2.conda
      - conda: https://prefix.dev/conda-forge/win-64/libopenblas-0.3.33-pthreads_h877e47f_0.conda
      - conda: https://prefix.dev/conda-forge/win-64/libsqlite-3.53.4-hf5d6505_1.conda
      - conda: https://prefix.dev/conda-forge/win-64/libzlib-1.3.2-hfd05255_3.conda
      - conda: https://prefix.dev/conda-forge/win-64/numpy-2.3.5-py314h06c3c77_0.conda
      - conda: https://prefix.dev/conda-forge/win-64/openssl-3.6.4-hf411b9b_0.conda
      - conda: https://prefix.dev/conda-forge/win-64/python-3.14.2-h4b44e0e_100_cp314.conda
      - conda: https://prefix.dev/conda-forge/win-64/scipy-1.18.1-py314h67d5eaa_1.conda
      - conda: https://prefix.dev/conda-forge/win-64/tk-8.6.13-h967ab96_4.conda
      - conda: https://prefix.dev/conda-forge/win-64/ucrt-10.0.26100.0-h57928b3_0.conda
      - conda: https://prefix.dev/conda-forge/win-64/vc-14.5-ha367084_41.conda
      - conda: https://prefix.dev/conda-forge/win-64/vc14_runtime-14.51.36247-habf1de7_41.conda
      - conda: https://prefix.dev/conda-forge/win-64/vcomp14-14.51.36247-habf1de7_41.conda
      - conda: https://prefix.dev/conda-forge/win-64/zstd-1.5.7-h534d264_7.conda
  ob34-latest:
    channels:
    - url: https://prefix.dev/conda-forge/
    packages:
      win-64:
      - conda: https://prefix.dev/conda-forge/noarch/ca-certificates-2026.7.22-h4c7d964_0.conda
      - conda: https://prefix.dev/conda-forge/noarch/py-cpuinfo-9.0.0-pyhd8ed1ab_1.conda
      - conda: https://prefix.dev/conda-forge/noarch/python_abi-3.14-9_cp314.conda
      - conda: https://prefix.dev/conda-forge/noarch/tzdata-2026c-h151e31d_0.conda
      - conda: https://prefix.dev/conda-forge/win-64/bzip2-1.0.8-h0ad9c76_10.conda
      - conda: https://prefix.dev/conda-forge/win-64/libblas-3.11.0-11_h0adab6e_openblas.conda
      - conda: https://prefix.dev/conda-forge/win-64/libcblas-3.11.0-11_h2a8eebe_openblas.conda
      - conda: https://prefix.dev/conda-forge/win-64/libexpat-2.8.5-hac47afa_0.conda
      - conda: https://prefix.dev/conda-forge/win-64/libffi-3.5.2-h3d046cb_0.conda
      - conda: https://prefix.dev/conda-forge/win-64/liblapack-3.11.0-11_hd232482_openblas.conda
      - conda: https://prefix.dev/conda-forge/win-64/liblzma-5.8.3-hfd05255_1.conda
      - conda: https://prefix.dev/conda-forge/win-64/libmpdec-4.0.0-hfd05255_2.conda
      - conda: https://prefix.dev/conda-forge/win-64/libopenblas-0.3.34-pthreads_h952cde7_2.conda
      - conda: https://prefix.dev/conda-forge/win-64/libsqlite-3.53.4-hf5d6505_1.conda
      - conda: https://prefix.dev/conda-forge/win-64/libzlib-1.3.2-hfd05255_3.conda
      - conda: https://prefix.dev/conda-forge/win-64/numpy-2.3.5-py314h06c3c77_0.conda
      - conda: https://prefix.dev/conda-forge/win-64/openssl-3.6.4-hf411b9b_0.conda
      - conda: https://prefix.dev/conda-forge/win-64/python-3.14.2-h4b44e0e_100_cp314.conda
      - conda: https://prefix.dev/conda-forge/win-64/scipy-1.18.1-py314h67d5eaa_1.conda
      - conda: https://prefix.dev/conda-forge/win-64/tk-8.6.13-h967ab96_4.conda
      - conda: https://prefix.dev/conda-forge/win-64/ucrt-10.0.26100.0-h57928b3_0.conda
      - conda: https://prefix.dev/conda-forge/win-64/vc-14.5-ha367084_41.conda
      - conda: https://prefix.dev/conda-forge/win-64/vc14_runtime-14.51.36247-habf1de7_41.conda
      - conda: https://prefix.dev/conda-forge/win-64/vcomp14-14.51.36247-habf1de7_41.conda
      - conda: https://prefix.dev/conda-forge/win-64/zstd-1.5.7-h534d264_7.conda
  ob34-lock:
    channels:
    - url: https://prefix.dev/conda-forge/
    packages:
      win-64:
      - conda: https://prefix.dev/conda-forge/noarch/ca-certificates-2026.7.22-h4c7d964_0.conda
      - conda: https://prefix.dev/conda-forge/noarch/py-cpuinfo-9.0.0-pyhd8ed1ab_1.conda
      - conda: https://prefix.dev/conda-forge/noarch/python_abi-3.14-9_cp314.conda
      - conda: https://prefix.dev/conda-forge/noarch/tzdata-2026c-h151e31d_0.conda
      - conda: https://prefix.dev/conda-forge/win-64/bzip2-1.0.8-h0ad9c76_10.conda
      - conda: https://prefix.dev/conda-forge/win-64/libblas-3.11.0-11_h0adab6e_openblas.conda
      - conda: https://prefix.dev/conda-forge/win-64/libcblas-3.11.0-11_h2a8eebe_openblas.conda
      - conda: https://prefix.dev/conda-forge/win-64/libexpat-2.8.5-hac47afa_0.conda
      - conda: https://prefix.dev/conda-forge/win-64/libffi-3.5.2-h3d046cb_0.conda
      - conda: https://prefix.dev/conda-forge/win-64/liblapack-3.11.0-11_hd232482_openblas.conda
      - conda: https://prefix.dev/conda-forge/win-64/liblzma-5.8.3-hfd05255_1.conda
      - conda: https://prefix.dev/conda-forge/win-64/libmpdec-4.0.0-hfd05255_2.conda
      - conda: https://prefix.dev/conda-forge/win-64/libopenblas-0.3.34-pthreads_h877e47f_0.conda
      - conda: https://prefix.dev/conda-forge/win-64/libsqlite-3.53.4-hf5d6505_1.conda
      - conda: https://prefix.dev/conda-forge/win-64/libzlib-1.3.2-hfd05255_3.conda
      - conda: https://prefix.dev/conda-forge/win-64/numpy-2.3.5-py314h06c3c77_0.conda
      - conda: https://prefix.dev/conda-forge/win-64/openssl-3.6.4-hf411b9b_0.conda
      - conda: https://prefix.dev/conda-forge/win-64/python-3.14.2-h4b44e0e_100_cp314.conda
      - conda: https://prefix.dev/conda-forge/win-64/scipy-1.18.1-py314h67d5eaa_1.conda
      - conda: https://prefix.dev/conda-forge/win-64/tk-8.6.13-h967ab96_4.conda
      - conda: https://prefix.dev/conda-forge/win-64/ucrt-10.0.26100.0-h57928b3_0.conda
      - conda: https://prefix.dev/conda-forge/win-64/vc-14.5-ha367084_41.conda
      - conda: https://prefix.dev/conda-forge/win-64/vc14_runtime-14.51.36247-habf1de7_41.conda
      - conda: https://prefix.dev/conda-forge/win-64/vcomp14-14.51.36247-habf1de7_41.conda
      - conda: https://prefix.dev/conda-forge/win-64/zstd-1.5.7-h534d264_7.conda
packages:
- conda: https://prefix.dev/conda-forge/noarch/ca-certificates-2026.7.22-h4c7d964_0.conda
  sha256: 95e8e74062a5fe5f870ac8c90302b6e89945165fdaed7810606e84ddee6aac12
  md5: e27d2ac27b096dc51fedfcf775a53f9b
  depends:
  - __win
  license: ISC
  run_exports: {}
  size: 132136
  timestamp: 1784754918886
- conda: https://prefix.dev/conda-forge/noarch/py-cpuinfo-9.0.0-pyhd8ed1ab_1.conda
  sha256: 6d8f03c13d085a569fde931892cded813474acbef2e03381a1a87f420c7da035
  md5: 46830ee16925d5ed250850503b5dc3a8
  depends:
  - python >=3.9
  license: MIT
  license_family: MIT
  run_exports: {}
  size: 25766
  timestamp: 1733236452235
- conda: https://prefix.dev/conda-forge/noarch/python_abi-3.14-9_cp314.conda
  build_number: 9
  sha256: e7f8e965bbfb98e08feb2365cacdad8bb218fa5b5a0a2752f747287f425f213c
  md5: 350d89b50d7de805abf2e63e29dee451
  constrains:
  - python 3.14.* *_cp314
  license: BSD-3-Clause
  license_family: BSD
  run_exports: {}
  size: 6791
  timestamp: 1788302824440
- conda: https://prefix.dev/conda-forge/noarch/tzdata-2026c-h151e31d_0.conda
  sha256: b928c30ddcb0e3f544c6eade8352737e6e610e263276b90232db6a578ef899d8
  md5: fcb489df604d100968b737f2cb6076c6
  license: LicenseRef-Public-Domain
  run_exports: {}
  size: 118849
  timestamp: 1784250406640
- conda: https://prefix.dev/conda-forge/win-64/bzip2-1.0.8-h0ad9c76_10.conda
  sha256: 04767466ee9227c9c57ab2c6503e0149177d34111c7418d2f420297acb1eb229
  md5: c3301c058362f340100d91cd8be0393f
  depends:
  - ucrt >=10.0.20348.0
  - vc >=14.3,<15
  - vc14_runtime >=14.44.35208
  license: bzip2-1.0.6
  license_family: BSD
  run_exports:
    weak:
    - bzip2 >=1.0.8,<2.0a0
  size: 55919
  timestamp: 1785906343696
- conda: https://prefix.dev/conda-forge/win-64/libblas-3.11.0-11_h0adab6e_openblas.conda
  build_number: 11
  sha256: 64bf8d49bdd385193c68b56b0a11a256f1d7fa5711edfc9e9c7bcbf2ca25f636
  md5: 33c7f7e9c63eaebaa05e2b3d3b10345c
  depends:
  - libopenblas >=0.3.34,<0.3.35.0a0
  - libopenblas >=0.3.34,<1.0a0
  constrains:
  - blas 2.311   openblas
  - libcblas   3.11.0   11*_openblas
  - liblapack  3.11.0   11*_openblas
  - liblapacke 3.11.0   11*_openblas
  - mkl <2027
  track_features:
  - blas_openblas
  - blas_openblas_2
  license: BSD-3-Clause
  license_family: BSD
  run_exports:
    weak:
    - libblas >=3.11.0,<4.0a0
  size: 67011
  timestamp: 1789061527537
- conda: https://prefix.dev/conda-forge/win-64/libblas-3.11.0-5_h0adab6e_openblas.conda
  build_number: 5
  sha256: 3e2dd11aaac163957c6aee80eae8f36857abbc86f3e634d87c325763a95818e1
  md5: bae34d8f039de36cc4384371aa12bd61
  depends:
  - libopenblas >=0.3.30,<0.3.31.0a0
  - libopenblas >=0.3.30,<1.0a0
  constrains:
  - mkl <2026
  - liblapack  3.11.0   5*_openblas
  - libcblas   3.11.0   5*_openblas
  - liblapacke 3.11.0   5*_openblas
  - blas 2.305   openblas
  track_features:
  - blas_openblas
  - blas_openblas_2
  license: BSD-3-Clause
  license_family: BSD
  run_exports:
    weak:
    - libblas >=3.11.0,<4.0a0
  size: 67314
  timestamp: 1765819085840
- conda: https://prefix.dev/conda-forge/win-64/libblas-3.11.0-8_h0adab6e_openblas.conda
  build_number: 8
  sha256: 4f1b32dbaf68bcf0aa54bf9a218d2bb99fcb70070a0ca7031548855004b0d545
  md5: a5ed6575e8cc7028c8327f1b5167caa6
  depends:
  - libopenblas >=0.3.33,<0.3.34.0a0
  - libopenblas >=0.3.33,<1.0a0
  constrains:
  - mkl <2027
  - libcblas   3.11.0   8*_openblas
  - blas 2.308   openblas
  - liblapack  3.11.0   8*_openblas
  - liblapacke 3.11.0   8*_openblas
  track_features:
  - blas_openblas
  - blas_openblas_2
  license: BSD-3-Clause
  license_family: BSD
  run_exports:
    weak:
    - libblas >=3.11.0,<4.0a0
  size: 68058
  timestamp: 1779859607236
- conda: https://prefix.dev/conda-forge/win-64/libcblas-3.11.0-11_h2a8eebe_openblas.conda
  build_number: 11
  sha256: b7a1abf138480021b741460f357ac31440715d93fada2c2dad7e2e178bf4d202
  md5: aaf231ec20a5e0521e3a460cc2100b58
  depends:
  - libblas 3.11.0 11_h0adab6e_openblas
  constrains:
  - blas 2.311   openblas
  - liblapack  3.11.0   11*_openblas
  - liblapacke 3.11.0   11*_openblas
  track_features:
  - blas_openblas
  license: BSD-3-Clause
  license_family: BSD
  run_exports:
    weak:
    - libcblas >=3.11.0,<4.0a0
  size: 67421
  timestamp: 1789061539639
- conda: https://prefix.dev/conda-forge/win-64/libcblas-3.11.0-5_h2a8eebe_openblas.conda
  build_number: 5
  sha256: b2500b4bd4fee0f7ddbecaf78e0c3abb942eff42947d32885170a7a88a85786a
  md5: 1db756824d3aec6a25599c7821cb3e24
  depends:
  - libblas 3.11.0 5_h0adab6e_openblas
  constrains:
  - liblapacke 3.11.0   5*_openblas
  - blas 2.305   openblas
  - liblapack  3.11.0   5*_openblas
  track_features:
  - blas_openblas
  license: BSD-3-Clause
  license_family: BSD
  run_exports:
    weak:
    - libcblas >=3.11.0,<4.0a0
  size: 67694
  timestamp: 1765819109987
- conda: https://prefix.dev/conda-forge/win-64/libcblas-3.11.0-8_h2a8eebe_openblas.conda
  build_number: 8
  sha256: 15ed9a069e722471c159573b299d94762a516dde6ac9cd44e24b05dcde7d2416
  md5: 91b2c920695d5f69081279743858ecef
  depends:
  - libblas 3.11.0 8_h0adab6e_openblas
  constrains:
  - blas 2.308   openblas
  - liblapack  3.11.0   8*_openblas
  - liblapacke 3.11.0   8*_openblas
  track_features:
  - blas_openblas
  license: BSD-3-Clause
  license_family: BSD
  run_exports:
    weak:
    - libcblas >=3.11.0,<4.0a0
  size: 68309
  timestamp: 1779859619968
- conda: https://prefix.dev/conda-forge/win-64/libexpat-2.8.5-hac47afa_0.conda
  sha256: 70c73d9fd24ad996f2821d1501adae2ca70984b4e2d8faed76227f348ce86078
  md5: 4969128c45f9e71adbb6a1696679ce7f
  depends:
  - ucrt >=10.0.20348.0
  - vc >=14.3,<15
  - vc14_runtime >=14.44.35208
  constrains:
  - expat 2.8.5.*
  license: MIT
  license_family: MIT
  run_exports: {}
  size: 72107
  timestamp: 1790346254561
- conda: https://prefix.dev/conda-forge/win-64/libffi-3.5.2-h3d046cb_0.conda
  sha256: 59d01f2dfa8b77491b5888a5ab88ff4e1574c9359f7e229da254cdfe27ddc190
  md5: 720b39f5ec0610457b725eb3f396219a
  depends:
  - ucrt >=10.0.20348.0
  - vc >=14.3,<15
  - vc14_runtime >=14.44.35208
  license: MIT
  license_family: MIT
  run_exports:
    weak:
    - libffi >=3.5.2,<3.6.0a0
  size: 45831
  timestamp: 1769456418774
- conda: https://prefix.dev/conda-forge/win-64/liblapack-3.11.0-11_hd232482_openblas.conda
  build_number: 11
  sha256: 0021c607d065b309d5fd19b48f0ebaf94ef3a680feecc3a728ab15900746efa8
  md5: d90cd8cda6c69b8221e5fbefad5e554d
  depends:
  - libblas 3.11.0 11_h0adab6e_openblas
  constrains:
  - blas 2.311   openblas
  - libcblas   3.11.0   11*_openblas
  - liblapacke 3.11.0   11*_openblas
  track_features:
  - blas_openblas
  license: BSD-3-Clause
  license_family: BSD
  run_exports:
    weak:
    - liblapack >=3.11.0,<3.12.0a0
  size: 79611
  timestamp: 1789061550085
- conda: https://prefix.dev/conda-forge/win-64/liblapack-3.11.0-5_hd232482_openblas.conda
  build_number: 5
  sha256: 2b3f624da4d69d8a7b7fb65478266ec82602a74b6a907cefa6c6c912da9cebad
  md5: 78240c2b4322025a74e7e6edad247103
  depends:
  - libblas 3.11.0 5_h0adab6e_openblas
  constrains:
  - libcblas   3.11.0   5*_openblas
  - liblapacke 3.11.0   5*_openblas
  - blas 2.305   openblas
  track_features:
  - blas_openblas
  license: BSD-3-Clause
  license_family: BSD
  run_exports:
    weak:
    - liblapack >=3.11.0,<3.12.0a0
  size: 80090
  timestamp: 1765819133030
- conda: https://prefix.dev/conda-forge/win-64/liblapack-3.11.0-8_hd232482_openblas.conda
  build_number: 8
  sha256: db0174b9786c13bf1c10c743252c1bad67ea9521ac8c6f65060f66a80102de31
  md5: 7363b5f4caa1312e2eff8a99b95e0ede
  depends:
  - libblas 3.11.0 8_h0adab6e_openblas
  constrains:
  - libcblas   3.11.0   8*_openblas
  - blas 2.308   openblas
  - liblapacke 3.11.0   8*_openblas
  track_features:
  - blas_openblas
  license: BSD-3-Clause
  license_family: BSD
  run_exports:
    weak:
    - liblapack >=3.11.0,<3.12.0a0
  size: 80600
  timestamp: 1779859632574
- conda: https://prefix.dev/conda-forge/win-64/liblzma-5.8.3-hfd05255_1.conda
  sha256: d36c4a1e1f80fd08e18a407e03622ff2f34dfdd022da6488ad19603dea19e6d5
  md5: 880a0c8549479b198af21ba5dc49b109
  depends:
  - ucrt >=10.0.20348.0
  - vc >=14.3,<15
  - vc14_runtime >=14.44.35208
  constrains:
  - xz 5.8.3.*
  license: 0BSD
  run_exports:
    weak:
    - liblzma >=5.8.3,<6.0a0
  size: 105809
  timestamp: 1786348717883
- conda: https://prefix.dev/conda-forge/win-64/libmpdec-4.0.0-hfd05255_2.conda
  sha256: f07e451de3db1836b87f7aedf95c8e65cdb06c0e6105329ba24bb5f7b5c75e2a
  md5: 5ae92fd6614edd024576e14069d7ad4c
  depends:
  - ucrt >=10.0.20348.0
  - vc >=14.3,<15
  - vc14_runtime >=14.44.35208
  license: BSD-2-Clause
  license_family: BSD
  run_exports: {}
  size: 89109
  timestamp: 1786650384519
- conda: https://prefix.dev/conda-forge/win-64/libopenblas-0.3.30-pthreads_h877e47f_4.conda
  sha256: 95dd7508c2a9b866adf9cf9256403cad3755184b334c9624039b04448f6c8362
  md5: f551f8ae0ae6535be1ffde181f9377f3
  depends:
  - ucrt >=10.0.20348.0
  - vc >=14.3,<15
  - vc14_runtime >=14.44.35208
  constrains:
  - openblas >=0.3.30,<0.3.31.0a0
  license: BSD-3-Clause
  license_family: BSD
  run_exports:
    weak:
    - libopenblas >=0.3.30,<1.0a0
  size: 3976909
  timestamp: 1763117316346
- conda: https://prefix.dev/conda-forge/win-64/libopenblas-0.3.33-pthreads_h877e47f_0.conda
  sha256: 104bba89eaed090ab7dd6de17376ba7c14be7f4d44807346012e50a493f18ec9
  md5: 51d4c0bc3695f63375d095004dc2597c
  depends:
  - ucrt >=10.0.20348.0
  - vc >=14.3,<15
  - vc14_runtime >=14.44.35208
  constrains:
  - openblas >=0.3.33,<0.3.34.0a0
  license: BSD-3-Clause
  license_family: BSD
  run_exports:
    weak:
    - libopenblas >=0.3.33,<1.0a0
  size: 4046868
  timestamp: 1776999773412
- conda: https://prefix.dev/conda-forge/win-64/libopenblas-0.3.34-pthreads_h877e47f_0.conda
  sha256: 8c34545ceb2431d1b67ba321c1750de2110be005bd2805abd591fc6b131c0a58
  md5: d4f65a8b96c7b3ef0e612779d71d9514
  depends:
  - ucrt >=10.0.20348.0
  - vc >=14.3,<15
  - vc14_runtime >=14.44.35208
  constrains:
  - openblas >=0.3.34,<0.3.35.0a0
  license: BSD-3-Clause
  license_family: BSD
  run_exports:
    weak:
    - libopenblas >=0.3.34,<1.0a0
  size: 4057546
  timestamp: 1784293898318
- conda: https://prefix.dev/conda-forge/win-64/libopenblas-0.3.34-pthreads_h952cde7_2.conda
  sha256: 138056f68cf8f92cb1830fe1ed950d70856cc840f5f4b2569f9e849cb109bf7e
  md5: 0a5ac276fca5648d0a7e1e70f34a8d7f
  depends:
  - vc >=14.3,<15
  - vc14_runtime >=14.44.35208
  - ucrt >=10.0.20348.0
  constrains:
  - openblas >=0.3.34,<0.3.35.0a0
  license: BSD-3-Clause
  license_family: BSD
  run_exports:
    weak:
    - libopenblas >=0.3.34,<1.0a0
  size: 4772945
  timestamp: 1789141490901
- conda: https://prefix.dev/conda-forge/win-64/libsqlite-3.53.4-hf5d6505_1.conda
  sha256: 0a45d7c0f20146fff787a106f8fa187872e309c70975ff8f0936e188914c26ad
  md5: a72d495965b144bb7da033642d389047
  depends:
  - ucrt >=10.0.20348.0
  - vc >=14.3,<15
  - vc14_runtime >=14.44.35208
  license: blessing
  run_exports:
    weak:
    - libsqlite >=3.53.4,<4.0a0
  size: 1314919
  timestamp: 1787051140039
- conda: https://prefix.dev/conda-forge/win-64/libzlib-1.3.2-hfd05255_3.conda
  sha256: 0629c2cc0404d3bb29d6baa7b4ba62da80797015e86de050db81ea5a07050527
  md5: 5d2ff29d465097458cc3ff6569151991
  depends:
  - ucrt >=10.0.20348.0
  - vc >=14.3,<15
  - vc14_runtime >=14.44.35208
  constrains:
  - zlib 1.3.2 *_3
  license: Zlib
  license_family: Other
  run_exports:
    weak:
    - libzlib >=1.3.2,<2.0a0
  size: 58529
  timestamp: 1785276664143
- conda: https://prefix.dev/conda-forge/win-64/numpy-2.3.5-py314h06c3c77_0.conda
  sha256: e64d4c049c9c69ef02d924ac1750b32e08f57732cbc6a3fe11794f3169b59d14
  md5: ddc6687a8f402695bd22229aaf69fb26
  depends:
  - python
  - vc >=14.3,<15
  - vc14_runtime >=14.44.35208
  - ucrt >=10.0.20348.0
  - vc >=14.3,<15
  - vc14_runtime >=14.44.35208
  - ucrt >=10.0.20348.0
  - liblapack >=3.9.0,<4.0a0
  - python_abi 3.14.* *_cp314
  - libcblas >=3.9.0,<4.0a0
  - libblas >=3.9.0,<4.0a0
  constrains:
  - numpy-base <0a0
  license: BSD-3-Clause
  license_family: BSD
  run_exports:
    weak:
    - numpy >=1.23,<3
  size: 7588219
  timestamp: 1763350950306
- conda: https://prefix.dev/conda-forge/win-64/openssl-3.6.4-hf411b9b_0.conda
  sha256: 9dddb559ba49744d5d94092d8d13cb0567f5c3b3f439f3acf28433d1f4256acc
  md5: 73cb1783f47c452be4c309430fbef89f
  depends:
  - ca-certificates
  - ucrt >=10.0.20348.0
  - vc >=14.3,<15
  - vc14_runtime >=14.44.35208
  license: Apache-2.0
  license_family: Apache
  run_exports:
    weak:
    - openssl >=3.6.4,<4.0a0
  size: 9474879
  timestamp: 1787699876495
- conda: https://prefix.dev/conda-forge/win-64/python-3.14.2-h4b44e0e_100_cp314.conda
  build_number: 100
  sha256: 6857d7c97cc71fe9ba298dcb1d3b66cc7df425132ab801babd655faa3df48f32
  md5: c3c73414d5ae3f543c531c978d9cc8b8
  depends:
  - bzip2 >=1.0.8,<2.0a0
  - libexpat >=2.7.3,<3.0a0
  - libffi >=3.5.2,<3.6.0a0
  - liblzma >=5.8.1,<6.0a0
  - libmpdec >=4.0.0,<5.0a0
  - libsqlite >=3.51.1,<4.0a0
  - libzlib >=1.3.1,<2.0a0
  - openssl >=3.5.4,<4.0a0
  - python_abi 3.14.* *_cp314
  - tk >=8.6.13,<8.7.0a0
  - tzdata
  - ucrt >=10.0.20348.0
  - vc >=14.3,<15
  - vc14_runtime >=14.44.35208
  - zstd >=1.5.7,<1.6.0a0
  license: Python-2.0
  run_exports:
    weak:
    - python_abi 3.14.* *_cp314
    noarch:
    - python
  size: 16833248
  timestamp: 1765020224759
  python_site_packages_path: Lib/site-packages
- conda: https://prefix.dev/conda-forge/win-64/scipy-1.18.1-py314h67d5eaa_1.conda
  sha256: 7c61859f318f779c91c3451ae1afeded04edd255e84fbf97738410c42332a331
  md5: 75ebc6f541ecf3f49a9e6b40d4ffa412
  depends:
  - libblas >=3.9.0,<4.0a0
  - libcblas >=3.9.0,<4.0a0
  - liblapack >=3.9.0,<4.0a0
  - numpy <2.8
  - numpy >=1.25,<3
  - numpy >=2.0.0
  - python >=3.14,<3.15.0a0
  - python_abi 3.14.* *_cp314
  - ucrt >=10.0.20348.0
  - vc >=14.3,<15
  - vc14_runtime >=14.44.35208
  license: BSD-3-Clause
  license_family: BSD
  run_exports: {}
  size: 14991924
  timestamp: 1790022987236
- conda: https://prefix.dev/conda-forge/win-64/tk-8.6.13-h967ab96_4.conda
  sha256: f19618a3a82cc483dacf1c70a30367ee7b0c7e71b90f1f80e14feff44fbd3688
  md5: dd9eb33c99d352b6356f86964d6040f7
  depends:
  - vc >=14.3,<15
  - vc14_runtime >=14.44.35208
  - ucrt >=10.0.20348.0
  license: TCL
  run_exports:
    weak:
    - tk >=8.6.13,<8.7.0a0
  size: 3782376
  timestamp: 1787272860855
- conda: https://prefix.dev/conda-forge/win-64/ucrt-10.0.26100.0-h57928b3_0.conda
  sha256: 3005729dce6f3d3f5ec91dfc49fc75a0095f9cd23bab49efb899657297ac91a5
  md5: 71b24316859acd00bdb8b38f5e2ce328
  constrains:
  - vc14_runtime >=14.29.30037
  - vs2015_runtime >=14.29.30037
  license: LicenseRef-MicrosoftWindowsSDK10
  run_exports: {}
  size: 694692
  timestamp: 1756385147981
- conda: https://prefix.dev/conda-forge/win-64/vc-14.5-ha367084_41.conda
  sha256: 35444c55a92e2f7f7ba26bc70f81e56e52344f7d064c0fd4b40a46a58517b79c
  md5: aa805b5522c2a98fa286e551a1f48546
  depends:
  - vc14_runtime >=14.51.36247
  track_features:
  - vc14
  license: BSD-3-Clause
  license_family: BSD
  run_exports: {}
  size: 21383
  timestamp: 1785359368566
- conda: https://prefix.dev/conda-forge/win-64/vc14_runtime-14.51.36247-habf1de7_41.conda
  sha256: 4e4cb599cdc41bf2109d1464c127b5bcbddf548ce3e322e612afb691338b48f8
  md5: ac5333bb3d429361f23adf704cc49a78
  depends:
  - ucrt >=10.0.20348.0
  - vcomp14 14.51.36247 habf1de7_41
  constrains:
  - vs2015_runtime 14.51.36247.* *_41
  license: LicenseRef-MicrosoftVisualCpp2015-2022Runtime
  license_family: Proprietary
  run_exports: {}
  size: 767955
  timestamp: 1785359364369
- conda: https://prefix.dev/conda-forge/win-64/vcomp14-14.51.36247-habf1de7_41.conda
  sha256: 731e043390c9457299484d39e427221fc868a9249540a498a5a4f6456c7744d1
  md5: 350bb67a5c8e5f1c53347ac544ab6600
  depends:
  - ucrt >=10.0.20348.0
  constrains:
  - vs2015_runtime 14.51.36247.* *_41
  license: LicenseRef-MicrosoftVisualCpp2015-2022Runtime
  license_family: Proprietary
  run_exports:
    strong:
    - vcomp14 >=14.51.36247
  size: 155910
  timestamp: 1785359349999
- conda: https://prefix.dev/conda-forge/win-64/zstd-1.5.7-h534d264_7.conda
  sha256: ca7daae4f218a11fab82cc2857f0ea518ec3f46acec60490485347a4c22c6b3e
  md5: e4ac308c39d6d0e131154976da67cf3b
  depends:
  - vc >=14.3,<15
  - vc14_runtime >=14.44.35208
  - ucrt >=10.0.20348.0
  - libzlib >=1.3.2,<2.0a0
  license: BSD-3-Clause
  license_family: BSD
  run_exports:
    weak:
    - zstd >=1.5.7,<1.6.0a0
  size: 387535
  timestamp: 1786599623274
